// !$*UTF8*$!
{
	archiveVersion = 1;
	classes = {
	};
	objectVersion = 50;
	objects = {

/* Begin PBXBuildFile section */
		E2FF2709224268AD0058491A /* AppDelegate.swift in Sources */ = {isa = PBXBuildFile; fileRef = E2FF2708224268AD0058491A /* AppDelegate.swift */; };
		E2FF270B224268AD0058491A /* GameScene.sks in Resources */ = {isa = PBXBuildFile; fileRef = E2FF270A224268AD0058491A /* GameScene.sks */; };
		E2FF270D224268AD0058491A /* Actions.sks in Resources */ = {isa = PBXBuildFile; fileRef = E2FF270C224268AD0058491A /* Actions.sks */; };
		E2FF270F224268AD0058491A /* GameScene.swift in Sources */ = {isa = PBXBuildFile; fileRef = E2FF270E224268AD0058491A /* GameScene.swift */; };
		E2FF2711224268AD0058491A /* ViewController.swift in Sources */ = {isa = PBXBuildFile; fileRef = E2FF2710224268AD0058491A /* ViewController.swift */; };
		E2FF2713224268AF0058491A /* Assets.xcassets in Resources */ = {isa = PBXBuildFile; fileRef = E2FF2712224268AF0058491A /* Assets.xcassets */; };
		E2FF2716224268AF0058491A /* Main.storyboard in Resources */ = {isa = PBXBuildFile; fileRef = E2FF2714224268AF0058491A /* Main.storyboard */; };
		E2FF2722224268AF0058491A /* git_learnTests.swift in Sources */ = {isa = PBXBuildFile; fileRef = E2FF2721224268AF0058491A /* git_learnTests.swift */; };
		E2FF272D224268AF0058491A /* git_learnUITests.swift in Sources */ = {isa = PBXBuildFile; fileRef = E2FF272C224268AF0058491A /* git_learnUITests.swift */; };
/* End PBXBuildFile section */

/* Begin PBXContainerItemProxy section */
		E2FF271E224268AF0058491A /* PBXContainerItemProxy */ = {
			isa = PBXContainerItemProxy;
			containerPortal = E2FF26FD224268AD0058491A /* Project object */;
			proxyType = 1;
			remoteGlobalIDString = E2FF2704224268AD0058491A;
			remoteInfo = "git learn";
		};
		E2FF2729224268AF0058491A /* PBXContainerItemProxy */ = {
			isa = PBXContainerItemProxy;
			containerPortal = E2FF26FD224268AD0058491A /* Project object */;
			proxyType = 1;
			remoteGlobalIDString = E2FF2704224268AD0058491A;
			remoteInfo = "git learn";
		};
/* End PBXContainerItemProxy section */

/* Begin PBXFileReference section */
		E2FF2705224268AD0058491A /* git learn.app */ = {isa = PBXFileReference; explicitFileType = wrapper.application; includeInIndex = 0; path = "git learn.app"; sourceTree = BUILT_PRODUCTS_DIR; };
		E2FF2708224268AD0058491A /* AppDelegate.swift */ = {isa = PBXFileReference; lastKnownFileType = sourcecode.swift; path = AppDelegate.swift; sourceTree = "<group>"; };
		E2FF270A224268AD0058491A /* GameScene.sks */ = {isa = PBXFileReference; lastKnownFileType = file.sks; path = GameScene.sks; sourceTree = "<group>"; };
		E2FF270C224268AD0058491A /* Actions.sks */ = {isa = PBXFileReference; lastKnownFileType = file.sks; path = Actions.sks; sourceTree = "<group>"; };
		E2FF270E224268AD0058491A /* GameScene.swift */ = {isa = PBXFileReference; lastKnownFileType = sourcecode.swift; path = GameScene.swift; sourceTree = "<group>"; };
		E2FF2710224268AD0058491A /* ViewController.swift */ = {isa = PBXFileReference; lastKnownFileType = sourcecode.swift; path = ViewController.swift; sourceTree = "<group>"; };
		E2FF2712224268AF0058491A /* Assets.xcassets */ = {isa = PBXFileReference; lastKnownFileType = folder.assetcatalog; path = Assets.xcassets; sourceTree = "<group>"; };
		E2FF2715224268AF0058491A /* Base */ = {isa = PBXFileReference; lastKnownFileType = file.storyboard; name = Base; path = Base.lproj/Main.storyboard; sourceTree = "<group>"; };
		E2FF2717224268AF0058491A /* Info.plist */ = {isa = PBXFileReference; lastKnownFileType = text.plist.xml; path = Info.plist; sourceTree = "<group>"; };
		E2FF2718224268AF0058491A /* git_learn.entitlements */ = {isa = PBXFileReference; lastKnownFileType = text.plist.entitlements; path = git_learn.entitlements; sourceTree = "<group>"; };
		E2FF271D224268AF0058491A /* git learnTests.xctest */ = {isa = PBXFileReference; explicitFileType = wrapper.cfbundle; includeInIndex = 0; path = "git learnTests.xctest"; sourceTree = BUILT_PRODUCTS_DIR; };
		E2FF2721224268AF0058491A /* git_learnTests.swift */ = {isa = PBXFileReference; lastKnownFileType = sourcecode.swift; path = git_learnTests.swift; sourceTree = "<group>"; };
		E2FF2723224268AF0058491A /* Info.plist */ = {isa = PBXFileReference; lastKnownFileType = text.plist.xml; path = Info.plist; sourceTree = "<group>"; };
		E2FF2728224268AF0058491A /* git learnUITests.xctest */ = {isa = PBXFileReference; explicitFileType = wrapper.cfbundle; includeInIndex = 0; path = "git learnUITests.xctest"; sourceTree = BUILT_PRODUCTS_DIR; };
		E2FF272C224268AF0058491A /* git_learnUITests.swift */ = {isa = PBXFileReference; lastKnownFileType = sourcecode.swift; path = git_learnUITests.swift; sourceTree = "<group>"; };
		E2FF272E224268AF0058491A /* Info.plist */ = {isa = PBXFileReference; lastKnownFileType = text.plist.xml; path = Info.plist; sourceTree = "<group>"; };
/* End PBXFileReference section */

/* Begin PBXFrameworksBuildPhase section */
		E2FF2702224268AD0058491A /* Frameworks */ = {
			isa = PBXFrameworksBuildPhase;
			buildActionMask = 2147483647;
			files = (
			);
			runOnlyForDeploymentPostprocessing = 0;
		};
		E2FF271A224268AF0058491A /* Frameworks */ = {
			isa = PBXFrameworksBuildPhase;
			buildActionMask = 2147483647;
			files = (
			);
			runOnlyForDeploymentPostprocessing = 0;
		};
		E2FF2725224268AF0058491A /* Frameworks */ = {
			isa = PBXFrameworksBuildPhase;
			buildActionMask = 2147483647;
			files = (
			);
			runOnlyForDeploymentPostprocessing = 0;
		};
/* End PBXFrameworksBuildPhase section */

/* Begin PBXGroup section */
		E2FF26FC224268AD0058491A = {
			isa = PBXGroup;
			children = (
				E2FF2707224268AD0058491A /* git learn */,
				E2FF2720224268AF0058491A /* git learnTests */,
				E2FF272B224268AF0058491A /* git learnUITests */,
				E2FF2706224268AD0058491A /* Products */,
			);
			sourceTree = "<group>";
		};
		E2FF2706224268AD0058491A /* Products */ = {
			isa = PBXGroup;
			children = (
				E2FF2705224268AD0058491A /* git learn.app */,
				E2FF271D224268AF0058491A /* git learnTests.xctest */,
				E2FF2728224268AF0058491A /* git learnUITests.xctest */,
			);
			name = Products;
			sourceTree = "<group>";
		};
		E2FF2707224268AD0058491A /* git learn */ = {
			isa = PBXGroup;
			children = (
				E2FF2708224268AD0058491A /* AppDelegate.swift */,
				E2FF270A224268AD0058491A /* GameScene.sks */,
				E2FF270C224268AD0058491A /* Actions.sks */,
				E2FF270E224268AD0058491A /* GameScene.swift */,
				E2FF2710224268AD0058491A /* ViewController.swift */,
				E2FF2712224268AF0058491A /* Assets.xcassets */,
				E2FF2714224268AF0058491A /* Main.storyboard */,
				E2FF2717224268AF0058491A /* Info.plist */,
				E2FF2718224268AF0058491A /* git_learn.entitlements */,
			);
			path = "git learn";
			sourceTree = "<group>";
		};
		E2FF2720224268AF0058491A /* git learnTests */ = {
			isa = PBXGroup;
			children = (
				E2FF2721224268AF0058491A /* git_learnTests.swift */,
				E2FF2723224268AF0058491A /* Info.plist */,
			);
			path = "git learnTests";
			sourceTree = "<group>";
		};
		E2FF272B224268AF0058491A /* git learnUITests */ = {
			isa = PBXGroup;
			children = (
				E2FF272C224268AF0058491A /* git_learnUITests.swift */,
				E2FF272E224268AF0058491A /* Info.plist */,
			);
			path = "git learnUITests";
			sourceTree = "<group>";
		};
/* End PBXGroup section */

/* Begin PBXNativeTarget section */
		E2FF2704224268AD0058491A /* git learn */ = {
			isa = PBXNativeTarget;
			buildConfigurationList = E2FF2731224268AF0058491A /* Build configuration list for PBXNativeTarget "git learn" */;
			buildPhases = (
				E2FF2701224268AD0058491A /* Sources */,
				E2FF2702224268AD0058491A /* Frameworks */,
				E2FF2703224268AD0058491A /* Resources */,
			);
			buildRules = (
			);
			dependencies = (
			);
			name = "git learn";
			productName = "git learn";
			productReference = E2FF2705224268AD0058491A /* git learn.app */;
			productType = "com.apple.product-type.application";
		};
		E2FF271C224268AF0058491A /* git learnTests */ = {
			isa = PBXNativeTarget;
			buildConfigurationList = E2FF2734224268AF0058491A /* Build configuration list for PBXNativeTarget "git learnTests" */;
			buildPhases = (
				E2FF2719224268AF0058491A /* Sources */,
				E2FF271A224268AF0058491A /* Frameworks */,
				E2FF271B224268AF0058491A /* Resources */,
			);
			buildRules = (
			);
			dependencies = (
				E2FF271F224268AF0058491A /* PBXTargetDependency */,
			);
			name = "git learnTests";
			productName = "git learnTests";
			productReference = E2FF271D224268AF0058491A /* git learnTests.xctest */;
			productType = "com.apple.product-type.bundle.unit-test";
		};
		E2FF2727224268AF0058491A /* git learnUITests */ = {
			isa = PBXNativeTarget;
			buildConfigurationList = E2FF2737224268AF0058491A /* Build configuration list for PBXNativeTarget "git learnUITests" */;
			buildPhases = (
				E2FF2724224268AF0058491A /* Sources */,
				E2FF2725224268AF0058491A /* Frameworks */,
				E2FF2726224268AF0058491A /* Resources */,
			);
			buildRules = (
			);
			dependencies = (
				E2FF272A224268AF0058491A /* PBXTargetDependency */,
			);
			name = "git learnUITests";
			productName = "git learnUITests";
			productReference = E2FF2728224268AF0058491A /* git learnUITests.xctest */;
			productType = "com.apple.product-type.bundle.ui-testing";
		};
/* End PBXNativeTarget section */

/* Begin PBXProject section */
		E2FF26FD224268AD0058491A /* Project object */ = {
			isa = PBXProject;
			attributes = {
				LastSwiftUpdateCheck = 1010;
				LastUpgradeCheck = 1010;
				ORGANIZATIONNAME = "蔡文秀";
				TargetAttributes = {
					E2FF2704224268AD0058491A = {
						CreatedOnToolsVersion = 10.1;
					};
					E2FF271C224268AF0058491A = {
						CreatedOnToolsVersion = 10.1;
						TestTargetID = E2FF2704224268AD0058491A;
					};
					E2FF2727224268AF0058491A = {
						CreatedOnToolsVersion = 10.1;
						TestTargetID = E2FF2704224268AD0058491A;
					};
				};
			};
			buildConfigurationList = E2FF2700224268AD0058491A /* Build configuration list for PBXProject "git learn" */;
			compatibilityVersion = "Xcode 9.3";
			developmentRegion = en;
			hasScannedForEncodings = 0;
			knownRegions = (
				en,
				Base,
			);
			mainGroup = E2FF26FC224268AD0058491A;
			productRefGroup = E2FF2706224268AD0058491A /* Products */;
			projectDirPath = "";
			projectRoot = "";
			targets = (
				E2FF2704224268AD0058491A /* git learn */,
				E2FF271C224268AF0058491A /* git learnTests */,
				E2FF2727224268AF0058491A /* git learnUITests */,
			);
		};
/* End PBXProject section */

/* Begin PBXResourcesBuildPhase section */
		E2FF2703224268AD0058491A /* Resources */ = {
			isa = PBXResourcesBuildPhase;
			buildActionMask = 2147483647;
			files = (
				E2FF270B224268AD0058491A /* GameScene.sks in Resources */,
				E2FF2713224268AF0058491A /* Assets.xcassets in Resources */,
				E2FF270D224268AD0058491A /* Actions.sks in Resources */,
				E2FF2716224268AF0058491A /* Main.storyboard in Resources */,
			);
			runOnlyForDeploymentPostprocessing = 0;
		};
		E2FF271B224268AF0058491A /* Resources */ = {
			isa = PBXResourcesBuildPhase;
			buildActionMask = 2147483647;
			files = (
			);
			runOnlyForDeploymentPostprocessing = 0;
		};
		E2FF2726224268AF0058491A /* Resources */ = {
			isa = PBXResourcesBuildPhase;
			buildActionMask = 2147483647;
			files = (
			);
			runOnlyForDeploymentPostprocessing = 0;
		};
/* End PBXResourcesBuildPhase section */

/* Begin PBXSourcesBuildPhase section */
		E2FF2701224268AD0058491A /* Sources */ = {
			isa = PBXSourcesBuildPhase;
			buildActionMask = 2147483647;
			files = (
				E2FF2711224268AD0058491A /* ViewController.swift in Sources */,
				E2FF270F224268AD0058491A /* GameScene.swift in Sources */,
				E2FF2709224268AD0058491A /* AppDelegate.swift in Sources */,
			);
			runOnlyForDeploymentPostprocessing = 0;
		};
		E2FF2719224268AF0058491A /* Sources */ = {
			isa = PBXSourcesBuildPhase;
			buildActionMask = 2147483647;
			files = (
				E2FF2722224268AF0058491A /* git_learnTests.swift in Sources */,
			);
			runOnlyForDeploymentPostprocessing = 0;
		};
		E2FF2724224268AF0058491A /* Sources */ = {
			isa = PBXSourcesBuildPhase;
			buildActionMask = 2147483647;
			files = (
				E2FF272D224268AF0058491A /* git_learnUITests.swift in Sources */,
			);
			runOnlyForDeploymentPostprocessing = 0;
		};
/* End PBXSourcesBuildPhase section */

/* Begin PBXTargetDependency section */
		E2FF271F224268AF0058491A /* PBXTargetDependency */ = {
			isa = PBXTargetDependency;
			target = E2FF2704224268AD0058491A /* git learn */;
			targetProxy = E2FF271E224268AF0058491A /* PBXContainerItemProxy */;
		};
		E2FF272A224268AF0058491A /* PBXTargetDependency */ = {
			isa = PBXTargetDependency;
			target = E2FF2704224268AD0058491A /* git learn */;
			targetProxy = E2FF2729224268AF0058491A /* PBXContainerItemProxy */;
		};
/* End PBXTargetDependency section */

/* Begin PBXVariantGroup section */
		E2FF2714224268AF0058491A /* Main.storyboard */ = {
			isa = PBXVariantGroup;
			children = (
				E2FF2715224268AF0058491A /* Base */,
			);
			name = Main.storyboard;
			sourceTree = "<group>";
		};
/* End PBXVariantGroup section */

/* Begin XCBuildConfiguration section */
		E2FF272F224268AF0058491A /* Debug */ = {
			isa = XCBuildConfiguration;
			buildSettings = {
				ALWAYS_SEARCH_USER_PATHS = NO;
				CLANG_ANALYZER_NONNULL = YES;
				CLANG_ANALYZER_NUMBER_OBJECT_CONVERSION = YES_AGGRESSIVE;
				CLANG_CXX_LANGUAGE_STANDARD = "gnu++14";
				CLANG_CXX_LIBRARY = "libc++";
				CLANG_ENABLE_MODULES = YES;
				CLANG_ENABLE_OBJC_ARC = YES;
				CLANG_ENABLE_OBJC_WEAK = YES;
				CLANG_WARN_BLOCK_CAPTURE_AUTORELEASING = YES;
				CLANG_WARN_BOOL_CONVERSION = YES;
				CLANG_WARN_COMMA = YES;
				CLANG_WARN_CONSTANT_CONVERSION = YES;
				CLANG_WARN_DEPRECATED_OBJC_IMPLEMENTATIONS = YES;
				CLANG_WARN_DIRECT_OBJC_ISA_USAGE = YES_ERROR;
				CLANG_WARN_DOCUMENTATION_COMMENTS = YES;
				CLANG_WARN_EMPTY_BODY = YES;
				CLANG_WARN_ENUM_CONVERSION = YES;
				CLANG_WARN_INFINITE_RECURSION = YES;
				CLANG_WARN_INT_CONVERSION = YES;
				CLANG_WARN_NON_LITERAL_NULL_CONVERSION = YES;
				CLANG_WARN_OBJC_IMPLICIT_RETAIN_SELF = YES;
				CLANG_WARN_OBJC_LITERAL_CONVERSION = YES;
				CLANG_WARN_OBJC_ROOT_CLASS = YES_ERROR;
				CLANG_WARN_RANGE_LOOP_ANALYSIS = YES;
				CLANG_WARN_STRICT_PROTOTYPES = YES;
				CLANG_WARN_SUSPICIOUS_MOVE = YES;
				CLANG_WARN_UNGUARDED_AVAILABILITY = YES_AGGRESSIVE;
				CLANG_WARN_UNREACHABLE_CODE = YES;
				CLANG_WARN__DUPLICATE_METHOD_MATCH = YES;
				CODE_SIGN_IDENTITY = "-";
				COPY_PHASE_STRIP = NO;
				DEBUG_INFORMATION_FORMAT = dwarf;
				ENABLE_STRICT_OBJC_MSGSEND = YES;
				ENABLE_TESTABILITY = YES;
				GCC_C_LANGUAGE_STANDARD = gnu11;
				GCC_DYNAMIC_NO_PIC = NO;
				GCC_NO_COMMON_BLOCKS = YES;
				GCC_OPTIMIZATION_LEVEL = 0;
				GCC_PREPROCESSOR_DEFINITIONS = (
					"DEBUG=1",
					"$(inherited)",
				);
				GCC_WARN_64_TO_32_BIT_CONVERSION = YES;
				GCC_WARN_ABOUT_RETURN_TYPE = YES_ERROR;
				GCC_WARN_UNDECLARED_SELECTOR = YES;
				GCC_WARN_UNINITIALIZED_AUTOS = YES_AGGRESSIVE;
				GCC_WARN_UNUSED_FUNCTION = YES;
				GCC_WARN_UNUSED_VARIABLE = YES;
				MACOSX_DEPLOYMENT_TARGET = 10.14;
				MTL_ENABLE_DEBUG_INFO = INCLUDE_SOURCE;
				MTL_FAST_MATH = YES;
				ONLY_ACTIVE_ARCH = YES;
				SDKROOT = macosx;
				SWIFT_ACTIVE_COMPILATION_CONDITIONS = DEBUG;
				SWIFT_OPTIMIZATION_LEVEL = "-Onone";
			};
			name = Debug;
		};
		E2FF2730224268AF0058491A /* Release */ = {
			isa = XCBuildConfiguration;
			buildSettings = {
				ALWAYS_SEARCH_USER_PATHS = NO;
				CLANG_ANALYZER_NONNULL = YES;
				CLANG_ANALYZER_NUMBER_OBJECT_CONVERSION = YES_AGGRESSIVE;
				CLANG_CXX_LANGUAGE_STANDARD = "gnu++14";
				CLANG_CXX_LIBRARY = "libc++";
				CLANG_ENABLE_MODULES = YES;
				CLANG_ENABLE_OBJC_ARC = YES;
				CLANG_ENABLE_OBJC_WEAK = YES;
				CLANG_WARN_BLOCK_CAPTURE_AUTORELEASING = YES;
				CLANG_WARN_BOOL_CONVERSION = YES;
				CLANG_WARN_COMMA = YES;
				CLANG_WARN_CONSTANT_CONVERSION = YES;
				CLANG_WARN_DEPRECATED_OBJC_IMPLEMENTATIONS = YES;
				CLANG_WARN_DIRECT_OBJC_ISA_USAGE = YES_ERROR;
				CLANG_WARN_DOCUMENTATION_COMMENTS = YES;
				CLANG_WARN_EMPTY_BODY = YES;
				CLANG_WARN_ENUM_CONVERSION = YES;
				CLANG_WARN_INFINITE_RECURSION = YES;
				CLANG_WARN_INT_CONVERSION = YES;
				CLANG_WARN_NON_LITERAL_NULL_CONVERSION = YES;
				CLANG_WARN_OBJC_IMPLICIT_RETAIN_SELF = YES;
				CLANG_WARN_OBJC_LITERAL_CONVERSION = YES;
				CLANG_WARN_OBJC_ROOT_CLASS = YES_ERROR;
				CLANG_WARN_RANGE_LOOP_ANALYSIS = YES;
				CLANG_WARN_STRICT_PROTOTYPES = YES;
				CLANG_WARN_SUSPICIOUS_MOVE = YES;
				CLANG_WARN_UNGUARDED_AVAILABILITY = YES_AGGRESSIVE;
				CLANG_WARN_UNREACHABLE_CODE = YES;
				CLANG_WARN__DUPLICATE_METHOD_MATCH = YES;
				CODE_SIGN_IDENTITY = "-";
				COPY_PHASE_STRIP = NO;
				DEBUG_INFORMATION_FORMAT = "dwarf-with-dsym";
				ENABLE_NS_ASSERTIONS = NO;
				ENABLE_STRICT_OBJC_MSGSEND = YES;
				GCC_C_LANGUAGE_STANDARD = gnu11;
				GCC_NO_COMMON_BLOCKS = YES;
				GCC_WARN_64_TO_32_BIT_CONVERSION = YES;
				GCC_WARN_ABOUT_RETURN_TYPE = YES_ERROR;
				GCC_WARN_UNDECLARED_SELECTOR = YES;
				GCC_WARN_UNINITIALIZED_AUTOS = YES_AGGRESSIVE;
				GCC_WARN_UNUSED_FUNCTION = YES;
				GCC_WARN_UNUSED_VARIABLE = YES;
				MACOSX_DEPLOYMENT_TARGET = 10.14;
				MTL_ENABLE_DEBUG_INFO = NO;
				MTL_FAST_MATH = YES;
				SDKROOT = macosx;
				SWIFT_COMPILATION_MODE = wholemodule;
				SWIFT_OPTIMIZATION_LEVEL = "-O";
			};
			name = Release;
		};
		E2FF2732224268AF0058491A /* Debug */ = {
			isa = XCBuildConfiguration;
			buildSettings = {
				ASSETCATALOG_COMPILER_APPICON_NAME = AppIcon;
				CODE_SIGN_ENTITLEMENTS = "git learn/git_learn.entitlements";
				CODE_SIGN_STYLE = Automatic;
				COMBINE_HIDPI_IMAGES = YES;
				INFOPLIST_FILE = "git learn/Info.plist";
				LD_RUNPATH_SEARCH_PATHS = (
					"$(inherited)",
					"@executable_path/../Frameworks",
				);
				PRODUCT_BUNDLE_IDENTIFIER = "cwx.git-learn";
				PRODUCT_NAME = "$(TARGET_NAME)";
				SWIFT_VERSION = 4.2;
			};
			name = Debug;
		};
		E2FF2733224268AF0058491A /* Release */ = {
			isa = XCBuildConfiguration;
			buildSettings = {
				ASSETCATALOG_COMPILER_APPICON_NAME = AppIcon;
				CODE_SIGN_ENTITLEMENTS = "git learn/git_learn.entitlements";
				CODE_SIGN_STYLE = Automatic;
				COMBINE_HIDPI_IMAGES = YES;
				INFOPLIST_FILE = "git learn/Info.plist";
				LD_RUNPATH_SEARCH_PATHS = (
					"$(inherited)",
					"@executable_path/../Frameworks",
				);
				PRODUCT_BUNDLE_IDENTIFIER = "cwx.git-learn";
				PRODUCT_NAME = "$(TARGET_NAME)";
				SWIFT_VERSION = 4.2;
			};
			name = Release;
		};
		E2FF2735224268AF0058491A /* Debug */ = {
			isa = XCBuildConfiguration;
			buildSettings = {
				ALWAYS_EMBED_SWIFT_STANDARD_LIBRARIES = YES;
				BUNDLE_LOADER = "$(TEST_HOST)";
				CODE_SIGN_STYLE = Automatic;
				COMBINE_HIDPI_IMAGES = YES;
				INFOPLIST_FILE = "git learnTests/Info.plist";
				LD_RUNPATH_SEARCH_PATHS = (
					"$(inherited)",
					"@executable_path/../Frameworks",
					"@loader_path/../Frameworks",
				);
				PRODUCT_BUNDLE_IDENTIFIER = "cwx.git-learnTests";
				PRODUCT_NAME = "$(TARGET_NAME)";
				SWIFT_VERSION = 4.2;
				TEST_HOST = "$(BUILT_PRODUCTS_DIR)/git learn.app/Contents/MacOS/git learn";
			};
			name = Debug;
		};
		E2FF2736224268AF0058491A /* Release */ = {
			isa = XCBuildConfiguration;
			buildSettings = {
				ALWAYS_EMBED_SWIFT_STANDARD_LIBRARIES = YES;
				BUNDLE_LOADER = "$(TEST_HOST)";
				CODE_SIGN_STYLE = Automatic;
				COMBINE_HIDPI_IMAGES = YES;
				INFOPLIST_FILE = "git learnTests/Info.plist";
				LD_RUNPATH_SEARCH_PATHS = (
					"$(inherited)",
					"@executable_path/../Frameworks",
					"@loader_path/../Frameworks",
				);
				PRODUCT_BUNDLE_IDENTIFIER = "cwx.git-learnTests";
				PRODUCT_NAME = "$(TARGET_NAME)";
				SWIFT_VERSION = 4.2;
				TEST_HOST = "$(BUILT_PRODUCTS_DIR)/git learn.app/Contents/MacOS/git learn";
			};
			name = Release;
		};
		E2FF2738224268AF0058491A /* Debug */ = {
			isa = XCBuildConfiguration;
			buildSettings = {
				ALWAYS_EMBED_SWIFT_STANDARD_LIBRARIES = YES;
				CODE_SIGN_STYLE = Automatic;
				COMBINE_HIDPI_IMAGES = YES;
				INFOPLIST_FILE = "git learnUITests/Info.plist";
				LD_RUNPATH_SEARCH_PATHS = (
					"$(inherited)",
					"@executable_path/../Frameworks",
					"@loader_path/../Frameworks",
				);
				PRODUCT_BUNDLE_IDENTIFIER = "cwx.git-learnUITests";
				PRODUCT_NAME = "$(TARGET_NAME)";
				SWIFT_VERSION = 4.2;
				TEST_TARGET_NAME = "git learn";
			};
			name = Debug;
		};
		E2FF2739224268AF0058491A /* Release */ = {
			isa = XCBuildConfiguration;
			buildSettings = {
				ALWAYS_EMBED_SWIFT_STANDARD_LIBRARIES = YES;
				CODE_SIGN_STYLE = Automatic;
				COMBINE_HIDPI_IMAGES = YES;
				INFOPLIST_FILE = "git learnUITests/Info.plist";
				LD_RUNPATH_SEARCH_PATHS = (
					"$(inherited)",
					"@executable_path/../Frameworks",
					"@loader_path/../Frameworks",
				);
				PRODUCT_BUNDLE_IDENTIFIER = "cwx.git-learnUITests";
				PRODUCT_NAME = "$(TARGET_NAME)";
				SWIFT_VERSION = 4.2;
				TEST_TARGET_NAME = "git learn";
			};
			name = Release;
		};
/* End XCBuildConfiguration section */

/* Begin XCConfigurationList section */
		E2FF2700224268AD0058491A /* Build configuration list for PBXProject "git learn" */ = {
			isa = XCConfigurationList;
			buildConfigurations = (
				E2FF272F224268AF0058491A /* Debug */,
				E2FF2730224268AF0058491A /* Release */,
			);
			defaultConfigurationIsVisible = 0;
			defaultConfigurationName = Release;
		};
		E2FF2731224268AF0058491A /* Build configuration list for PBXNativeTarget "git learn" */ = {
			isa = XCConfigurationList;
			buildConfigurations = (
				E2FF2732224268AF0058491A /* Debug */,
				E2FF2733224268AF0058491A /* Release */,
			);
			defaultConfigurationIsVisible = 0;
			defaultConfigurationName = Release;
		};
		E2FF2734224268AF0058491A /* Build configuration list for PBXNativeTarget "git learnTests" */ = {
			isa = XCConfigurationList;
			buildConfigurations = (
				E2FF2735224268AF0058491A /* Debug */,
				E2FF2736224268AF0058491A /* Release */,
			);
			defaultConfigurationIsVisible = 0;
			defaultConfigurationName = Release;
		};
		E2FF2737224268AF0058491A /* Build configuration list for PBXNativeTarget "git learnUITests" */ = {
			isa = XCConfigurationList;
			buildConfigurations = (
				E2FF2738224268AF0058491A /* Debug */,
				E2FF2739224268AF0058491A /* Release */,
			);
			defaultConfigurationIsVisible = 0;
			defaultConfigurationName = Release;
		};
/* End XCConfigurationList section */
	};
	rootObject = E2FF26FD224268AD0058491A /* Project object */;
}
